
Microsoft Visual Studio Solution File, Format Version 12.00
# Visual Studio Version 16
VisualStudioVersion = 16.0.30804.86
MinimumVisualStudioVersion = 10.0.40219.1
Project("{9A19103F-16F7-4668-BE54-9A1E7A4F7556}") = "Prg455_project_Finished", "Prg455_project_Finished.csproj", "{58345FA9-EBB1-4D06-A8B2-7A8E3FA850A2}"
EndProject
Global
	GlobalSection(SolutionConfigurationPlatforms) = preSolution
		Debug|Any CPU = Debug|Any CPU
		Release|Any CPU = Release|Any CPU
	EndGlobalSection
	GlobalSection(ProjectConfigurationPlatforms) = postSolution
		{58345FA9-EBB1-4D06-A8B2-7A8E3FA850A2}.Debug|Any CPU.ActiveCfg = Debug|Any CPU
		{58345FA9-EBB1-4D06-A8B2-7A8E3FA850A2}.Debug|Any CPU.Build.0 = Debug|Any CPU
		{58345FA9-EBB1-4D06-A8B2-7A8E3FA850A2}.Release|Any CPU.ActiveCfg = Release|Any CPU
		{58345FA9-EBB1-4D06-A8B2-7A8E3FA850A2}.Release|Any CPU.Build.0 = Release|Any CPU
	EndGlobalSection
	GlobalSection(SolutionProperties) = preSolution
		HideSolutionNode = FALSE
	EndGlobalSection
	GlobalSection(ExtensibilityGlobals) = postSolution
		SolutionGuid = {C10D8DDD-D7C1-4108-A8A5-C94E6B12851E}
	EndGlobalSection
EndGlobal
